
Microsoft Visual Studio Solution File, Format Version 12.00
# Visual Studio Version 17
VisualStudioVersion = 17.8.34511.84
MinimumVisualStudioVersion = 10.0.40219.1
Project("{FAE04EC0-301F-11D3-BF4B-00C04F79EFBC}") = "@WanaDecryptor@", "@WanaDecryptor@.csproj", "{4D4B3B90-54E3-4CAD-9C5D-D8EFA2DF9D66}"
EndProject
Global
	GlobalSection(SolutionConfigurationPlatforms) = preSolution
		Debug|Any CPU = Debug|Any CPU
		Release|Any CPU = Release|Any CPU
	EndGlobalSection
	GlobalSection(ProjectConfigurationPlatforms) = postSolution
		{4D4B3B90-54E3-4CAD-9C5D-D8EFA2DF9D66}.Debug|Any CPU.ActiveCfg = Debug|Any CPU
		{4D4B3B90-54E3-4CAD-9C5D-D8EFA2DF9D66}.Debug|Any CPU.Build.0 = Debug|Any CPU
		{4D4B3B90-54E3-4CAD-9C5D-D8EFA2DF9D66}.Release|Any CPU.ActiveCfg = Release|Any CPU
		{4D4B3B90-54E3-4CAD-9C5D-D8EFA2DF9D66}.Release|Any CPU.Build.0 = Release|Any CPU
	EndGlobalSection
	GlobalSection(SolutionProperties) = preSolution
		HideSolutionNode = FALSE
	EndGlobalSection
	GlobalSection(ExtensibilityGlobals) = postSolution
		SolutionGuid = {5A32090F-1A94-4E1A-AFFD-ACC253A768EF}
	EndGlobalSection
EndGlobal
